{
  "originHash" : "61e122680a565099cb88e758d0eec9f1f5823dacfd1100d916877c105a2eba93",
  "pins" : [
    {
      "identity" : "defaults",
      "kind" : "remoteSourceControl",
      "location" : "https://github.com/sindresorhus/Defaults",
      "state" : {
        "revision" : "8192b0986611e105355a9433e99bf5c79469fbbd",
        "version" : "9.0.6"
      }
    },
    {
      "identity" : "issoundadditions",
      "kind" : "remoteSourceControl",
      "location" : "https://github.com/jbrinkman/ISSoundAdditions",
      "state" : {
        "branch" : "master",
        "revision" : "faae4bec22bf048ed57529f74bc63a39cd71e88c"
      }
    },
    {
      "identity" : "keyboardshortcuts",
      "kind" : "remoteSourceControl",
      "location" : "https://github.com/sindresorhus/KeyboardShortcuts",
      "state" : {
        "revision" : "ac12762853126cf2e7ad63a6a58e1c9f58c6a0ee",
        "version" : "1.17.0"
      }
    },
    {
      "identity" : "launchatlogin",
      "kind" : "remoteSourceControl",
      "location" : "https://github.com/sindresorhus/LaunchAtLogin",
      "state" : {
        "branch" : "main",
        "revision" : "9a894d799269cb591037f9f9cb0961510d4dca81"
      }
    },
    {
      "identity" : "settings",
      "kind" : "remoteSourceControl",
      "location" : "https://github.com/sindresorhus/Settings",
      "state" : {
        "revision" : "f41475771f65379ca10852c95119a7f53f0de5a5",
        "version" : "3.1.2"
      }
    },
    {
      "identity" : "swift-syntax",
      "kind" : "remoteSourceControl",
      "location" : "https://github.com/swiftlang/swift-syntax",
      "state" : {
        "revision" : "4799286537280063c85a32f09884cfbca301b1a1",
        "version" : "602.0.0"
      }
    }
  ],
  "version" : 3
}
