{
  "originHash" : "98946b2d21c745a3204168b35d3b08adbb56968e101874e3d329784ab3132005",
  "pins" : [
    {
      "identity" : "issoundadditions",
      "kind" : "remoteSourceControl",
      "location" : "https://github.com/jbrinkman/ISSoundAdditions",
      "state" : {
        "branch" : "master",
        "revision" : "faae4bec22bf048ed57529f74bc63a39cd71e88c"
      }
    },
    {
      "identity" : "keyboardshortcuts",
      "kind" : "remoteSourceControl",
      "location" : "https://github.com/sindresorhus/KeyboardShortcuts",
      "state" : {
        "revision" : "c252200141e4abaecf30c14ea474dc009f56d553",
        "version" : "1.16.1"
      }
    },
    {
      "identity" : "launchatlogin",
      "kind" : "remoteSourceControl",
      "location" : "https://github.com/sindresorhus/LaunchAtLogin",
      "state" : {
        "branch" : "main",
        "revision" : "8e28b5e5a9561ace33a26c55d78f74963fbce6f9"
      }
    },
    {
      "identity" : "luminare",
      "kind" : "remoteSourceControl",
      "location" : "https://github.com/MrKai77/Luminare",
      "state" : {
        "branch" : "main",
        "revision" : "0fef01b69ea5eea0fdb0328b4f9be3cd41c9d34c"
      }
    },
    {
      "identity" : "settings",
      "kind" : "remoteSourceControl",
      "location" : "https://github.com/sindresorhus/Settings",
      "state" : {
        "revision" : "879ea83a7bbc6dbebf62bed8c547f090146372a6",
        "version" : "3.1.1"
      }
    },
    {
      "identity" : "sparkle",
      "kind" : "remoteSourceControl",
      "location" : "https://github.com/sparkle-project/Sparkle",
      "state" : {
        "revision" : "1f07f4096e52f19b5e7abaa697b7fc592b7ff57c",
        "version" : "2.5.1"
      }
    }
  ],
  "version" : 3
}
